// !$*UTF8*$!
{
	archiveVersion = 1;
	classes = {
	};
	objectVersion = 46;
	objects = {

/* Begin PBXBuildFile section */
		F35BD44B1ACB1BAE008DBB14 /* main.m in Sources */ = {isa = PBXBuildFile; fileRef = F35BD44A1ACB1BAE008DBB14 /* main.m */; };
		F35BD44E1ACB1BAE008DBB14 /* AppDelegate.m in Sources */ = {isa = PBXBuildFile; fileRef = F35BD44D1ACB1BAE008DBB14 /* AppDelegate.m */; };
		F35BD4511ACB1BAF008DBB14 /* LostCharactersChallenge.xcdatamodeld in Sources */ = {isa = PBXBuildFile; fileRef = F35BD44F1ACB1BAE008DBB14 /* LostCharactersChallenge.xcdatamodeld */; };
		F35BD4571ACB1BAF008DBB14 /* Main.storyboard in Resources */ = {isa = PBXBuildFile; fileRef = F35BD4551ACB1BAF008DBB14 /* Main.storyboard */; };
		F35BD4591ACB1BAF008DBB14 /* Images.xcassets in Resources */ = {isa = PBXBuildFile; fileRef = F35BD4581ACB1BAF008DBB14 /* Images.xcassets */; };
		F35BD45C1ACB1BAF008DBB14 /* LaunchScreen.xib in Resources */ = {isa = PBXBuildFile; fileRef = F35BD45A1ACB1BAF008DBB14 /* LaunchScreen.xib */; };
		F35BD4681ACB1BB0008DBB14 /* LostCharactersChallengeTests.m in Sources */ = {isa = PBXBuildFile; fileRef = F35BD4671ACB1BB0008DBB14 /* LostCharactersChallengeTests.m */; };
		F35BD4761ACB1C79008DBB14 /* LCCListViewController.m in Sources */ = {isa = PBXBuildFile; fileRef = F35BD4751ACB1C79008DBB14 /* LCCListViewController.m */; };
		F35BD4781ACB1F98008DBB14 /* lost.plist in Resources */ = {isa = PBXBuildFile; fileRef = F35BD4771ACB1F98008DBB14 /* lost.plist */; };
/* End PBXBuildFile section */

/* Begin PBXContainerItemProxy section */
		F35BD4621ACB1BB0008DBB14 /* PBXContainerItemProxy */ = {
			isa = PBXContainerItemProxy;
			containerPortal = F35BD43D1ACB1BAE008DBB14 /* Project object */;
			proxyType = 1;
			remoteGlobalIDString = F35BD4441ACB1BAE008DBB14;
			remoteInfo = LostCharactersChallenge;
		};
/* End PBXContainerItemProxy section */

/* Begin PBXFileReference section */
		F35BD4451ACB1BAE008DBB14 /* LostCharactersChallenge.app */ = {isa = PBXFileReference; explicitFileType = wrapper.application; includeInIndex = 0; path = LostCharactersChallenge.app; sourceTree = BUILT_PRODUCTS_DIR; };
		F35BD4491ACB1BAE008DBB14 /* Info.plist */ = {isa = PBXFileReference; lastKnownFileType = text.plist.xml; path = Info.plist; sourceTree = "<group>"; };
		F35BD44A1ACB1BAE008DBB14 /* main.m */ = {isa = PBXFileReference; lastKnownFileType = sourcecode.c.objc; path = main.m; sourceTree = "<group>"; };
		F35BD44C1ACB1BAE008DBB14 /* AppDelegate.h */ = {isa = PBXFileReference; lastKnownFileType = sourcecode.c.h; path = AppDelegate.h; sourceTree = "<group>"; };
		F35BD44D1ACB1BAE008DBB14 /* AppDelegate.m */ = {isa = PBXFileReference; lastKnownFileType = sourcecode.c.objc; path = AppDelegate.m; sourceTree = "<group>"; };
		F35BD4501ACB1BAE008DBB14 /* LostCharactersChallenge.xcdatamodel */ = {isa = PBXFileReference; lastKnownFileType = wrapper.xcdatamodel; path = LostCharactersChallenge.xcdatamodel; sourceTree = "<group>"; };
		F35BD4561ACB1BAF008DBB14 /* Base */ = {isa = PBXFileReference; lastKnownFileType = file.storyboard; name = Base; path = Base.lproj/Main.storyboard; sourceTree = "<group>"; };
		F35BD4581ACB1BAF008DBB14 /* Images.xcassets */ = {isa = PBXFileReference; lastKnownFileType = folder.assetcatalog; path = Images.xcassets; sourceTree = "<group>"; };
		F35BD45B1ACB1BAF008DBB14 /* Base */ = {isa = PBXFileReference; lastKnownFileType = file.xib; name = Base; path = Base.lproj/LaunchScreen.xib; sourceTree = "<group>"; };
		F35BD4611ACB1BB0008DBB14 /* LostCharactersChallengeTests.xctest */ = {isa = PBXFileReference; explicitFileType = wrapper.cfbundle; includeInIndex = 0; path = LostCharactersChallengeTests.xctest; sourceTree = BUILT_PRODUCTS_DIR; };
		F35BD4661ACB1BB0008DBB14 /* Info.plist */ = {isa = PBXFileReference; lastKnownFileType = text.plist.xml; path = Info.plist; sourceTree = "<group>"; };
		F35BD4671ACB1BB0008DBB14 /* LostCharactersChallengeTests.m */ = {isa = PBXFileReference; lastKnownFileType = sourcecode.c.objc; path = LostCharactersChallengeTests.m; sourceTree = "<group>"; };
		F35BD4741ACB1C79008DBB14 /* LCCListViewController.h */ = {isa = PBXFileReference; fileEncoding = 4; lastKnownFileType = sourcecode.c.h; path = LCCListViewController.h; sourceTree = "<group>"; };
		F35BD4751ACB1C79008DBB14 /* LCCListViewController.m */ = {isa = PBXFileReference; fileEncoding = 4; lastKnownFileType = sourcecode.c.objc; path = LCCListViewController.m; sourceTree = "<group>"; };
		F35BD4771ACB1F98008DBB14 /* lost.plist */ = {isa = PBXFileReference; fileEncoding = 4; lastKnownFileType = text.plist.xml; name = lost.plist; path = ../../../../Downloads/lost.plist; sourceTree = "<group>"; };
/* End PBXFileReference section */

/* Begin PBXFrameworksBuildPhase section */
		F35BD4421ACB1BAE008DBB14 /* Frameworks */ = {
			isa = PBXFrameworksBuildPhase;
			buildActionMask = 2147483647;
			files = (
			);
			runOnlyForDeploymentPostprocessing = 0;
		};
		F35BD45E1ACB1BB0008DBB14 /* Frameworks */ = {
			isa = PBXFrameworksBuildPhase;
			buildActionMask = 2147483647;
			files = (
			);
			runOnlyForDeploymentPostprocessing = 0;
		};
/* End PBXFrameworksBuildPhase section */

/* Begin PBXGroup section */
		F35BD43C1ACB1BAE008DBB14 = {
			isa = PBXGroup;
			children = (
				F35BD4471ACB1BAE008DBB14 /* LostCharactersChallenge */,
				F35BD4641ACB1BB0008DBB14 /* LostCharactersChallengeTests */,
				F35BD4461ACB1BAE008DBB14 /* Products */,
			);
			sourceTree = "<group>";
		};
		F35BD4461ACB1BAE008DBB14 /* Products */ = {
			isa = PBXGroup;
			children = (
				F35BD4451ACB1BAE008DBB14 /* LostCharactersChallenge.app */,
				F35BD4611ACB1BB0008DBB14 /* LostCharactersChallengeTests.xctest */,
			);
			name = Products;
			sourceTree = "<group>";
		};
		F35BD4471ACB1BAE008DBB14 /* LostCharactersChallenge */ = {
			isa = PBXGroup;
			children = (
				F35BD4731ACB1C35008DBB14 /* Model */,
				F35BD4721ACB1C32008DBB14 /* View */,
				F35BD4711ACB1C30008DBB14 /* Controller */,
				F35BD44C1ACB1BAE008DBB14 /* AppDelegate.h */,
				F35BD44D1ACB1BAE008DBB14 /* AppDelegate.m */,
				F35BD4551ACB1BAF008DBB14 /* Main.storyboard */,
				F35BD4581ACB1BAF008DBB14 /* Images.xcassets */,
				F35BD45A1ACB1BAF008DBB14 /* LaunchScreen.xib */,
				F35BD4481ACB1BAE008DBB14 /* Supporting Files */,
			);
			path = LostCharactersChallenge;
			sourceTree = "<group>";
		};
		F35BD4481ACB1BAE008DBB14 /* Supporting Files */ = {
			isa = PBXGroup;
			children = (
				F35BD4771ACB1F98008DBB14 /* lost.plist */,
				F35BD4491ACB1BAE008DBB14 /* Info.plist */,
				F35BD44A1ACB1BAE008DBB14 /* main.m */,
			);
			name = "Supporting Files";
			sourceTree = "<group>";
		};
		F35BD4641ACB1BB0008DBB14 /* LostCharactersChallengeTests */ = {
			isa = PBXGroup;
			children = (
				F35BD4671ACB1BB0008DBB14 /* LostCharactersChallengeTests.m */,
				F35BD4651ACB1BB0008DBB14 /* Supporting Files */,
			);
			path = LostCharactersChallengeTests;
			sourceTree = "<group>";
		};
		F35BD4651ACB1BB0008DBB14 /* Supporting Files */ = {
			isa = PBXGroup;
			children = (
				F35BD4661ACB1BB0008DBB14 /* Info.plist */,
			);
			name = "Supporting Files";
			sourceTree = "<group>";
		};
		F35BD4711ACB1C30008DBB14 /* Controller */ = {
			isa = PBXGroup;
			children = (
				F35BD4741ACB1C79008DBB14 /* LCCListViewController.h */,
				F35BD4751ACB1C79008DBB14 /* LCCListViewController.m */,
			);
			name = Controller;
			sourceTree = "<group>";
		};
		F35BD4721ACB1C32008DBB14 /* View */ = {
			isa = PBXGroup;
			children = (
			);
			name = View;
			sourceTree = "<group>";
		};
		F35BD4731ACB1C35008DBB14 /* Model */ = {
			isa = PBXGroup;
			children = (
				F35BD44F1ACB1BAE008DBB14 /* LostCharactersChallenge.xcdatamodeld */,
			);
			name = Model;
			sourceTree = "<group>";
		};
/* End PBXGroup section */

/* Begin PBXNativeTarget section */
		F35BD4441ACB1BAE008DBB14 /* LostCharactersChallenge */ = {
			isa = PBXNativeTarget;
			buildConfigurationList = F35BD46B1ACB1BB0008DBB14 /* Build configuration list for PBXNativeTarget "LostCharactersChallenge" */;
			buildPhases = (
				F35BD4411ACB1BAE008DBB14 /* Sources */,
				F35BD4421ACB1BAE008DBB14 /* Frameworks */,
				F35BD4431ACB1BAE008DBB14 /* Resources */,
			);
			buildRules = (
			);
			dependencies = (
			);
			name = LostCharactersChallenge;
			productName = LostCharactersChallenge;
			productReference = F35BD4451ACB1BAE008DBB14 /* LostCharactersChallenge.app */;
			productType = "com.apple.product-type.application";
		};
		F35BD4601ACB1BB0008DBB14 /* LostCharactersChallengeTests */ = {
			isa = PBXNativeTarget;
			buildConfigurationList = F35BD46E1ACB1BB0008DBB14 /* Build configuration list for PBXNativeTarget "LostCharactersChallengeTests" */;
			buildPhases = (
				F35BD45D1ACB1BB0008DBB14 /* Sources */,
				F35BD45E1ACB1BB0008DBB14 /* Frameworks */,
				F35BD45F1ACB1BB0008DBB14 /* Resources */,
			);
			buildRules = (
			);
			dependencies = (
				F35BD4631ACB1BB0008DBB14 /* PBXTargetDependency */,
			);
			name = LostCharactersChallengeTests;
			productName = LostCharactersChallengeTests;
			productReference = F35BD4611ACB1BB0008DBB14 /* LostCharactersChallengeTests.xctest */;
			productType = "com.apple.product-type.bundle.unit-test";
		};
/* End PBXNativeTarget section */

/* Begin PBXProject section */
		F35BD43D1ACB1BAE008DBB14 /* Project object */ = {
			isa = PBXProject;
			attributes = {
				LastUpgradeCheck = 0620;
				ORGANIZATIONNAME = MobileMakers;
				TargetAttributes = {
					F35BD4441ACB1BAE008DBB14 = {
						CreatedOnToolsVersion = 6.2;
					};
					F35BD4601ACB1BB0008DBB14 = {
						CreatedOnToolsVersion = 6.2;
						TestTargetID = F35BD4441ACB1BAE008DBB14;
					};
				};
			};
			buildConfigurationList = F35BD4401ACB1BAE008DBB14 /* Build configuration list for PBXProject "LostCharactersChallenge" */;
			compatibilityVersion = "Xcode 3.2";
			developmentRegion = English;
			hasScannedForEncodings = 0;
			knownRegions = (
				en,
				Base,
			);
			mainGroup = F35BD43C1ACB1BAE008DBB14;
			productRefGroup = F35BD4461ACB1BAE008DBB14 /* Products */;
			projectDirPath = "";
			projectRoot = "";
			targets = (
				F35BD4441ACB1BAE008DBB14 /* LostCharactersChallenge */,
				F35BD4601ACB1BB0008DBB14 /* LostCharactersChallengeTests */,
			);
		};
/* End PBXProject section */

/* Begin PBXResourcesBuildPhase section */
		F35BD4431ACB1BAE008DBB14 /* Resources */ = {
			isa = PBXResourcesBuildPhase;
			buildActionMask = 2147483647;
			files = (
				F35BD4571ACB1BAF008DBB14 /* Main.storyboard in Resources */,
				F35BD45C1ACB1BAF008DBB14 /* LaunchScreen.xib in Resources */,
				F35BD4781ACB1F98008DBB14 /* lost.plist in Resources */,
				F35BD4591ACB1BAF008DBB14 /* Images.xcassets in Resources */,
			);
			runOnlyForDeploymentPostprocessing = 0;
		};
		F35BD45F1ACB1BB0008DBB14 /* Resources */ = {
			isa = PBXResourcesBuildPhase;
			buildActionMask = 2147483647;
			files = (
			);
			runOnlyForDeploymentPostprocessing = 0;
		};
/* End PBXResourcesBuildPhase section */

/* Begin PBXSourcesBuildPhase section */
		F35BD4411ACB1BAE008DBB14 /* Sources */ = {
			isa = PBXSourcesBuildPhase;
			buildActionMask = 2147483647;
			files = (
				F35BD44E1ACB1BAE008DBB14 /* AppDelegate.m in Sources */,
				F35BD4511ACB1BAF008DBB14 /* LostCharactersChallenge.xcdatamodeld in Sources */,
				F35BD44B1ACB1BAE008DBB14 /* main.m in Sources */,
				F35BD4761ACB1C79008DBB14 /* LCCListViewController.m in Sources */,
			);
			runOnlyForDeploymentPostprocessing = 0;
		};
		F35BD45D1ACB1BB0008DBB14 /* Sources */ = {
			isa = PBXSourcesBuildPhase;
			buildActionMask = 2147483647;
			files = (
				F35BD4681ACB1BB0008DBB14 /* LostCharactersChallengeTests.m in Sources */,
			);
			runOnlyForDeploymentPostprocessing = 0;
		};
/* End PBXSourcesBuildPhase section */

/* Begin PBXTargetDependency section */
		F35BD4631ACB1BB0008DBB14 /* PBXTargetDependency */ = {
			isa = PBXTargetDependency;
			target = F35BD4441ACB1BAE008DBB14 /* LostCharactersChallenge */;
			targetProxy = F35BD4621ACB1BB0008DBB14 /* PBXContainerItemProxy */;
		};
/* End PBXTargetDependency section */

/* Begin PBXVariantGroup section */
		F35BD4551ACB1BAF008DBB14 /* Main.storyboard */ = {
			isa = PBXVariantGroup;
			children = (
				F35BD4561ACB1BAF008DBB14 /* Base */,
			);
			name = Main.storyboard;
			sourceTree = "<group>";
		};
		F35BD45A1ACB1BAF008DBB14 /* LaunchScreen.xib */ = {
			isa = PBXVariantGroup;
			children = (
				F35BD45B1ACB1BAF008DBB14 /* Base */,
			);
			name = LaunchScreen.xib;
			sourceTree = "<group>";
		};
/* End PBXVariantGroup section */

/* Begin XCBuildConfiguration section */
		F35BD4691ACB1BB0008DBB14 /* Debug */ = {
			isa = XCBuildConfiguration;
			buildSettings = {
				ALWAYS_SEARCH_USER_PATHS = NO;
				CLANG_CXX_LANGUAGE_STANDARD = "gnu++0x";
				CLANG_CXX_LIBRARY = "libc++";
				CLANG_ENABLE_MODULES = YES;
				CLANG_ENABLE_OBJC_ARC = YES;
				CLANG_WARN_BOOL_CONVERSION = YES;
				CLANG_WARN_CONSTANT_CONVERSION = YES;
				CLANG_WARN_DIRECT_OBJC_ISA_USAGE = YES_ERROR;
				CLANG_WARN_EMPTY_BODY = YES;
				CLANG_WARN_ENUM_CONVERSION = YES;
				CLANG_WARN_INT_CONVERSION = YES;
				CLANG_WARN_OBJC_ROOT_CLASS = YES_ERROR;
				CLANG_WARN_UNREACHABLE_CODE = YES;
				CLANG_WARN__DUPLICATE_METHOD_MATCH = YES;
				"CODE_SIGN_IDENTITY[sdk=iphoneos*]" = "iPhone Developer";
				COPY_PHASE_STRIP = NO;
				ENABLE_STRICT_OBJC_MSGSEND = YES;
				GCC_C_LANGUAGE_STANDARD = gnu99;
				GCC_DYNAMIC_NO_PIC = NO;
				GCC_OPTIMIZATION_LEVEL = 0;
				GCC_PREPROCESSOR_DEFINITIONS = (
					"DEBUG=1",
					"$(inherited)",
				);
				GCC_SYMBOLS_PRIVATE_EXTERN = NO;
				GCC_WARN_64_TO_32_BIT_CONVERSION = YES;
				GCC_WARN_ABOUT_RETURN_TYPE = YES_ERROR;
				GCC_WARN_UNDECLARED_SELECTOR = YES;
				GCC_WARN_UNINITIALIZED_AUTOS = YES_AGGRESSIVE;
				GCC_WARN_UNUSED_FUNCTION = YES;
				GCC_WARN_UNUSED_VARIABLE = YES;
				IPHONEOS_DEPLOYMENT_TARGET = 8.2;
				MTL_ENABLE_DEBUG_INFO = YES;
				ONLY_ACTIVE_ARCH = YES;
				SDKROOT = iphoneos;
			};
			name = Debug;
		};
		F35BD46A1ACB1BB0008DBB14 /* Release */ = {
			isa = XCBuildConfiguration;
			buildSettings = {
				ALWAYS_SEARCH_USER_PATHS = NO;
				CLANG_CXX_LANGUAGE_STANDARD = "gnu++0x";
				CLANG_CXX_LIBRARY = "libc++";
				CLANG_ENABLE_MODULES = YES;
				CLANG_ENABLE_OBJC_ARC = YES;
				CLANG_WARN_BOOL_CONVERSION = YES;
				CLANG_WARN_CONSTANT_CONVERSION = YES;
				CLANG_WARN_DIRECT_OBJC_ISA_USAGE = YES_ERROR;
				CLANG_WARN_EMPTY_BODY = YES;
				CLANG_WARN_ENUM_CONVERSION = YES;
				CLANG_WARN_INT_CONVERSION = YES;
				CLANG_WARN_OBJC_ROOT_CLASS = YES_ERROR;
				CLANG_WARN_UNREACHABLE_CODE = YES;
				CLANG_WARN__DUPLICATE_METHOD_MATCH = YES;
				"CODE_SIGN_IDENTITY[sdk=iphoneos*]" = "iPhone Developer";
				COPY_PHASE_STRIP = NO;
				ENABLE_NS_ASSERTIONS = NO;
				ENABLE_STRICT_OBJC_MSGSEND = YES;
				GCC_C_LANGUAGE_STANDARD = gnu99;
				GCC_WARN_64_TO_32_BIT_CONVERSION = YES;
				GCC_WARN_ABOUT_RETURN_TYPE = YES_ERROR;
				GCC_WARN_UNDECLARED_SELECTOR = YES;
				GCC_WARN_UNINITIALIZED_AUTOS = YES_AGGRESSIVE;
				GCC_WARN_UNUSED_FUNCTION = YES;
				GCC_WARN_UNUSED_VARIABLE = YES;
				IPHONEOS_DEPLOYMENT_TARGET = 8.2;
				MTL_ENABLE_DEBUG_INFO = NO;
				SDKROOT = iphoneos;
				VALIDATE_PRODUCT = YES;
			};
			name = Release;
		};
		F35BD46C1ACB1BB0008DBB14 /* Debug */ = {
			isa = XCBuildConfiguration;
			buildSettings = {
				ASSETCATALOG_COMPILER_APPICON_NAME = AppIcon;
				INFOPLIST_FILE = LostCharactersChallenge/Info.plist;
				LD_RUNPATH_SEARCH_PATHS = "$(inherited) @executable_path/Frameworks";
				PRODUCT_NAME = "$(TARGET_NAME)";
			};
			name = Debug;
		};
		F35BD46D1ACB1BB0008DBB14 /* Release */ = {
			isa = XCBuildConfiguration;
			buildSettings = {
				ASSETCATALOG_COMPILER_APPICON_NAME = AppIcon;
				INFOPLIST_FILE = LostCharactersChallenge/Info.plist;
				LD_RUNPATH_SEARCH_PATHS = "$(inherited) @executable_path/Frameworks";
				PRODUCT_NAME = "$(TARGET_NAME)";
			};
			name = Release;
		};
		F35BD46F1ACB1BB0008DBB14 /* Debug */ = {
			isa = XCBuildConfiguration;
			buildSettings = {
				BUNDLE_LOADER = "$(TEST_HOST)";
				FRAMEWORK_SEARCH_PATHS = (
					"$(SDKROOT)/Developer/Library/Frameworks",
					"$(inherited)",
				);
				GCC_PREPROCESSOR_DEFINITIONS = (
					"DEBUG=1",
					"$(inherited)",
				);
				INFOPLIST_FILE = LostCharactersChallengeTests/Info.plist;
				LD_RUNPATH_SEARCH_PATHS = "$(inherited) @executable_path/Frameworks @loader_path/Frameworks";
				PRODUCT_NAME = "$(TARGET_NAME)";
				TEST_HOST = "$(BUILT_PRODUCTS_DIR)/LostCharactersChallenge.app/LostCharactersChallenge";
			};
			name = Debug;
		};
		F35BD4701ACB1BB0008DBB14 /* Release */ = {
			isa = XCBuildConfiguration;
			buildSettings = {
				BUNDLE_LOADER = "$(TEST_HOST)";
				FRAMEWORK_SEARCH_PATHS = (
					"$(SDKROOT)/Developer/Library/Frameworks",
					"$(inherited)",
				);
				INFOPLIST_FILE = LostCharactersChallengeTests/Info.plist;
				LD_RUNPATH_SEARCH_PATHS = "$(inherited) @executable_path/Frameworks @loader_path/Frameworks";
				PRODUCT_NAME = "$(TARGET_NAME)";
				TEST_HOST = "$(BUILT_PRODUCTS_DIR)/LostCharactersChallenge.app/LostCharactersChallenge";
			};
			name = Release;
		};
/* End XCBuildConfiguration section */

/* Begin XCConfigurationList section */
		F35BD4401ACB1BAE008DBB14 /* Build configuration list for PBXProject "LostCharactersChallenge" */ = {
			isa = XCConfigurationList;
			buildConfigurations = (
				F35BD4691ACB1BB0008DBB14 /* Debug */,
				F35BD46A1ACB1BB0008DBB14 /* Release */,
			);
			defaultConfigurationIsVisible = 0;
			defaultConfigurationName = Release;
		};
		F35BD46B1ACB1BB0008DBB14 /* Build configuration list for PBXNativeTarget "LostCharactersChallenge" */ = {
			isa = XCConfigurationList;
			buildConfigurations = (
				F35BD46C1ACB1BB0008DBB14 /* Debug */,
				F35BD46D1ACB1BB0008DBB14 /* Release */,
			);
			defaultConfigurationIsVisible = 0;
		};
		F35BD46E1ACB1BB0008DBB14 /* Build configuration list for PBXNativeTarget "LostCharactersChallengeTests" */ = {
			isa = XCConfigurationList;
			buildConfigurations = (
				F35BD46F1ACB1BB0008DBB14 /* Debug */,
				F35BD4701ACB1BB0008DBB14 /* Release */,
			);
			defaultConfigurationIsVisible = 0;
		};
/* End XCConfigurationList section */

/* Begin XCVersionGroup section */
		F35BD44F1ACB1BAE008DBB14 /* LostCharactersChallenge.xcdatamodeld */ = {
			isa = XCVersionGroup;
			children = (
				F35BD4501ACB1BAE008DBB14 /* LostCharactersChallenge.xcdatamodel */,
			);
			currentVersion = F35BD4501ACB1BAE008DBB14 /* LostCharactersChallenge.xcdatamodel */;
			path = LostCharactersChallenge.xcdatamodeld;
			sourceTree = "<group>";
			versionGroupType = wrapper.xcdatamodel;
		};
/* End XCVersionGroup section */
	};
	rootObject = F35BD43D1ACB1BAE008DBB14 /* Project object */;
}
